
Microsoft Visual Studio Solution File, Format Version 12.00
# Visual Studio Version 16
VisualStudioVersion = 16.0.31205.134
MinimumVisualStudioVersion = 10.0.40219.1
Project("{FAE04EC0-301F-11D3-BF4B-00C04F79EFBC}") = "WindowsFormsApp2", "WindowsFormsApp2\WindowsFormsApp2.csproj", "{7685501D-BC15-481F-ABBC-3A3B16501321}"
EndProject
Global
	GlobalSection(SolutionConfigurationPlatforms) = preSolution
		Debug|Any CPU = Debug|Any CPU
		Release|Any CPU = Release|Any CPU
	EndGlobalSection
	GlobalSection(ProjectConfigurationPlatforms) = postSolution
		{7685501D-BC15-481F-ABBC-3A3B16501321}.Debug|Any CPU.ActiveCfg = Debug|Any CPU
		{7685501D-BC15-481F-ABBC-3A3B16501321}.Debug|Any CPU.Build.0 = Debug|Any CPU
		{7685501D-BC15-481F-ABBC-3A3B16501321}.Release|Any CPU.ActiveCfg = Release|Any CPU
		{7685501D-BC15-481F-ABBC-3A3B16501321}.Release|Any CPU.Build.0 = Release|Any CPU
	EndGlobalSection
	GlobalSection(SolutionProperties) = preSolution
		HideSolutionNode = FALSE
	EndGlobalSection
	GlobalSection(ExtensibilityGlobals) = postSolution
		SolutionGuid = {410D4D54-DFB5-4F39-992D-9A6E5B085F66}
	EndGlobalSection
EndGlobal
